
Microsoft Visual Studio Solution File, Format Version 12.00
Project("{FAE04EC0-301F-11D3-BF4B-00C04F79EFBC}") = "IdentityServer4withASP.NETCoreIdentity", "IdentityServer4withASP.NETCoreIdentity\IdentityServer4withASP.NETCoreIdentity.csproj", "{AB97C778-3B7F-4948-A569-321DC0A65738}"
EndProject
Project("{FAE04EC0-301F-11D3-BF4B-00C04F79EFBC}") = "APITest", "APITest\APITest.csproj", "{C46213E5-18D4-444C-AAF3-EAFADD33DBD0}"
EndProject
Global
	GlobalSection(SolutionConfigurationPlatforms) = preSolution
		Debug|Any CPU = Debug|Any CPU
		Release|Any CPU = Release|Any CPU
	EndGlobalSection
	GlobalSection(ProjectConfigurationPlatforms) = postSolution
		{AB97C778-3B7F-4948-A569-321DC0A65738}.Debug|Any CPU.ActiveCfg = Debug|Any CPU
		{AB97C778-3B7F-4948-A569-321DC0A65738}.Debug|Any CPU.Build.0 = Debug|Any CPU
		{AB97C778-3B7F-4948-A569-321DC0A65738}.Release|Any CPU.ActiveCfg = Release|Any CPU
		{AB97C778-3B7F-4948-A569-321DC0A65738}.Release|Any CPU.Build.0 = Release|Any CPU
		{C46213E5-18D4-444C-AAF3-EAFADD33DBD0}.Debug|Any CPU.ActiveCfg = Debug|Any CPU
		{C46213E5-18D4-444C-AAF3-EAFADD33DBD0}.Debug|Any CPU.Build.0 = Debug|Any CPU
		{C46213E5-18D4-444C-AAF3-EAFADD33DBD0}.Release|Any CPU.ActiveCfg = Release|Any CPU
		{C46213E5-18D4-444C-AAF3-EAFADD33DBD0}.Release|Any CPU.Build.0 = Release|Any CPU
	EndGlobalSection
EndGlobal
